# This file is generated by running "yarn install" inside your project.
# Manual changes might be lost - proceed with caution!

__metadata:
  version: 8
  cacheKey: 10c0

"@llun/activities.schema@workspace:.":
  version: 0.0.0-use.local
  resolution: "@llun/activities.schema@workspace:."
  dependencies:
    typescript: "npm:^5.8.2"
    zod: "npm:^3.24.2"
  languageName: unknown
  linkType: soft

"typescript@npm:^5.8.2":
  version: 5.8.2
  resolution: "typescript@npm:5.8.2"
  bin:
    tsc: bin/tsc
    tsserver: bin/tsserver
  checksum: 10c0/5c4f6fbf1c6389b6928fe7b8fcd5dc73bb2d58cd4e3883f1d774ed5bd83b151cbac6b7ecf11723de56d4676daeba8713894b1e9af56174f2f9780ae7848ec3c6
  languageName: node
  linkType: hard

"typescript@patch:typescript@npm%3A^5.8.2#optional!builtin<compat/typescript>":
  version: 5.8.2
  resolution: "typescript@patch:typescript@npm%3A5.8.2#optional!builtin<compat/typescript>::version=5.8.2&hash=5786d5"
  bin:
    tsc: bin/tsc
    tsserver: bin/tsserver
  checksum: 10c0/5448a08e595cc558ab321e49d4cac64fb43d1fa106584f6ff9a8d8e592111b373a995a1d5c7f3046211c8a37201eb6d0f1566f15cdb7a62a5e3be01d087848e2
  languageName: node
  linkType: hard

"zod@npm:^3.24.2":
  version: 3.24.2
  resolution: "zod@npm:3.24.2"
  checksum: 10c0/c638c7220150847f13ad90635b3e7d0321b36cce36f3fc6050ed960689594c949c326dfe2c6fa87c14b126ee5d370ccdebd6efb304f41ef5557a4aaca2824565
  languageName: node
  linkType: hard
